# THIS IS AN AUTOGENERATED FILE. DO NOT EDIT THIS FILE DIRECTLY.
# yarn lockfile v1


x12-parser@^1.1.1:
  version "1.1.1"
  resolved "https://registry.yarnpkg.com/x12-parser/-/x12-parser-1.1.1.tgz#cd1e6b777323877522f8a66a7947397e1162f2f7"
  integrity sha512-MyehFbI6YvnqKICVxM7gGrn+HjGD2stod+3GDvuNYnFiAi6aMEgdriHApCj4LKE9svdYqzuRJXjdKqHjbPEdVg==
